{
  "pins" : [
    {
      "identity" : "floe-native-apps",
      "kind" : "remoteSourceControl",
      "location" : "https://github.com/floegence/floe-native-apps.git",
      "state" : {
        "revision" : "582e6ee59898bf67812d105cbcdbb38bec8fbf6e",
        "version" : "0.22.10"
      }
    }
  ],
  "version" : 2
}
