{
  "pins" : [
    {
      "identity" : "floe-native-apps",
      "kind" : "remoteSourceControl",
      "location" : "https://github.com/floegence/floe-native-apps.git",
      "state" : {
        "revision" : "a2c11dabc0c5d4860887f075e79a577ba82447a0",
        "version" : "0.22.5"
      }
    }
  ],
  "version" : 2
}
