{
  "pins" : [
    {
      "identity" : "floe-native-apps",
      "kind" : "remoteSourceControl",
      "location" : "https://github.com/floegence/floe-native-apps.git",
      "state" : {
        "revision" : "2a6f5d786e210c67aa7485faf7bb53fef2ef2e20",
        "version" : "0.22.2"
      }
    }
  ],
  "version" : 2
}
